
Microsoft Visual Studio Solution File, Format Version 12.00
# Visual Studio Version 17
VisualStudioVersion = 17.14.36603.0 d17.14
MinimumVisualStudioVersion = 10.0.40219.1
Project("{FAE04EC0-301F-11D3-BF4B-00C04F79EFBC}") = "4.web", "4.web.csproj", "{567AE66E-8392-4B61-ACBA-9EAB9D55A7DD}"
EndProject
Global
	GlobalSection(SolutionConfigurationPlatforms) = preSolution
		Debug|Any CPU = Debug|Any CPU
		Release|Any CPU = Release|Any CPU
	EndGlobalSection
	GlobalSection(ProjectConfigurationPlatforms) = postSolution
		{567AE66E-8392-4B61-ACBA-9EAB9D55A7DD}.Debug|Any CPU.ActiveCfg = Debug|Any CPU
		{567AE66E-8392-4B61-ACBA-9EAB9D55A7DD}.Debug|Any CPU.Build.0 = Debug|Any CPU
		{567AE66E-8392-4B61-ACBA-9EAB9D55A7DD}.Release|Any CPU.ActiveCfg = Release|Any CPU
		{567AE66E-8392-4B61-ACBA-9EAB9D55A7DD}.Release|Any CPU.Build.0 = Release|Any CPU
	EndGlobalSection
	GlobalSection(SolutionProperties) = preSolution
		HideSolutionNode = FALSE
	EndGlobalSection
	GlobalSection(ExtensibilityGlobals) = postSolution
		SolutionGuid = {A9C85DB4-CC67-4C12-8962-B494D1599EAD}
	EndGlobalSection
EndGlobal
