
Microsoft Visual Studio Solution File, Format Version 12.00
# Visual Studio Version 17
VisualStudioVersion = 17.14.36603.0 d17.14
MinimumVisualStudioVersion = 10.0.40219.1
Project("{FAE04EC0-301F-11D3-BF4B-00C04F79EFBC}") = "15.Ahorro", "15.Ahorro.csproj", "{7C4DD9A3-6600-4542-88AA-81EB3975039D}"
EndProject
Global
	GlobalSection(SolutionConfigurationPlatforms) = preSolution
		Debug|Any CPU = Debug|Any CPU
		Release|Any CPU = Release|Any CPU
	EndGlobalSection
	GlobalSection(ProjectConfigurationPlatforms) = postSolution
		{7C4DD9A3-6600-4542-88AA-81EB3975039D}.Debug|Any CPU.ActiveCfg = Debug|Any CPU
		{7C4DD9A3-6600-4542-88AA-81EB3975039D}.Debug|Any CPU.Build.0 = Debug|Any CPU
		{7C4DD9A3-6600-4542-88AA-81EB3975039D}.Release|Any CPU.ActiveCfg = Release|Any CPU
		{7C4DD9A3-6600-4542-88AA-81EB3975039D}.Release|Any CPU.Build.0 = Release|Any CPU
	EndGlobalSection
	GlobalSection(SolutionProperties) = preSolution
		HideSolutionNode = FALSE
	EndGlobalSection
	GlobalSection(ExtensibilityGlobals) = postSolution
		SolutionGuid = {0F1E6B95-AE1C-4367-B14B-90933572E0FB}
	EndGlobalSection
EndGlobal
