
Microsoft Visual Studio Solution File, Format Version 12.00
# Visual Studio Version 17
VisualStudioVersion = 17.14.36603.0 d17.14
MinimumVisualStudioVersion = 10.0.40219.1
Project("{FAE04EC0-301F-11D3-BF4B-00C04F79EFBC}") = "25.PromediosArreglos", "25.PromediosArreglos.csproj", "{3F63FBD2-E570-43D6-93D2-E19942A445AA}"
EndProject
Global
	GlobalSection(SolutionConfigurationPlatforms) = preSolution
		Debug|Any CPU = Debug|Any CPU
		Release|Any CPU = Release|Any CPU
	EndGlobalSection
	GlobalSection(ProjectConfigurationPlatforms) = postSolution
		{3F63FBD2-E570-43D6-93D2-E19942A445AA}.Debug|Any CPU.ActiveCfg = Debug|Any CPU
		{3F63FBD2-E570-43D6-93D2-E19942A445AA}.Debug|Any CPU.Build.0 = Debug|Any CPU
		{3F63FBD2-E570-43D6-93D2-E19942A445AA}.Release|Any CPU.ActiveCfg = Release|Any CPU
		{3F63FBD2-E570-43D6-93D2-E19942A445AA}.Release|Any CPU.Build.0 = Release|Any CPU
	EndGlobalSection
	GlobalSection(SolutionProperties) = preSolution
		HideSolutionNode = FALSE
	EndGlobalSection
	GlobalSection(ExtensibilityGlobals) = postSolution
		SolutionGuid = {BD54651F-58E4-450D-B115-82CC05A1C2B3}
	EndGlobalSection
EndGlobal
