
Microsoft Visual Studio Solution File, Format Version 12.00
# Visual Studio Version 17
VisualStudioVersion = 17.14.36603.0 d17.14
MinimumVisualStudioVersion = 10.0.40219.1
Project("{FAE04EC0-301F-11D3-BF4B-00C04F79EFBC}") = "1.Taller", "1.Taller.csproj", "{DCF17F30-E5F4-4249-A0B3-85169F744B20}"
EndProject
Global
	GlobalSection(SolutionConfigurationPlatforms) = preSolution
		Debug|Any CPU = Debug|Any CPU
		Release|Any CPU = Release|Any CPU
	EndGlobalSection
	GlobalSection(ProjectConfigurationPlatforms) = postSolution
		{DCF17F30-E5F4-4249-A0B3-85169F744B20}.Debug|Any CPU.ActiveCfg = Debug|Any CPU
		{DCF17F30-E5F4-4249-A0B3-85169F744B20}.Debug|Any CPU.Build.0 = Debug|Any CPU
		{DCF17F30-E5F4-4249-A0B3-85169F744B20}.Release|Any CPU.ActiveCfg = Release|Any CPU
		{DCF17F30-E5F4-4249-A0B3-85169F744B20}.Release|Any CPU.Build.0 = Release|Any CPU
	EndGlobalSection
	GlobalSection(SolutionProperties) = preSolution
		HideSolutionNode = FALSE
	EndGlobalSection
	GlobalSection(ExtensibilityGlobals) = postSolution
		SolutionGuid = {721B4DC0-334F-47EB-93A0-1C89BB650D1C}
	EndGlobalSection
EndGlobal
