
Microsoft Visual Studio Solution File, Format Version 12.00
# Visual Studio Version 17
VisualStudioVersion = 17.14.36603.0 d17.14
MinimumVisualStudioVersion = 10.0.40219.1
Project("{FAE04EC0-301F-11D3-BF4B-00C04F79EFBC}") = "7.TresNumeros", "7.TresNumeros.csproj", "{28CA90D5-3FF5-473C-A58C-BF884B01EA8F}"
EndProject
Global
	GlobalSection(SolutionConfigurationPlatforms) = preSolution
		Debug|Any CPU = Debug|Any CPU
		Release|Any CPU = Release|Any CPU
	EndGlobalSection
	GlobalSection(ProjectConfigurationPlatforms) = postSolution
		{28CA90D5-3FF5-473C-A58C-BF884B01EA8F}.Debug|Any CPU.ActiveCfg = Debug|Any CPU
		{28CA90D5-3FF5-473C-A58C-BF884B01EA8F}.Debug|Any CPU.Build.0 = Debug|Any CPU
		{28CA90D5-3FF5-473C-A58C-BF884B01EA8F}.Release|Any CPU.ActiveCfg = Release|Any CPU
		{28CA90D5-3FF5-473C-A58C-BF884B01EA8F}.Release|Any CPU.Build.0 = Release|Any CPU
	EndGlobalSection
	GlobalSection(SolutionProperties) = preSolution
		HideSolutionNode = FALSE
	EndGlobalSection
	GlobalSection(ExtensibilityGlobals) = postSolution
		SolutionGuid = {5F6E7413-02E8-4B30-8C58-02A71173D529}
	EndGlobalSection
EndGlobal
