
Microsoft Visual Studio Solution File, Format Version 12.00
# Visual Studio Version 17
VisualStudioVersion = 17.11.35327.3
MinimumVisualStudioVersion = 10.0.40219.1
Project("{FAE04EC0-301F-11D3-BF4B-00C04F79EFBC}") = "ParcialCiclos_WalterArias", "ParcialCiclos_WalterArias.csproj", "{C4EBB15A-4764-493C-8837-AC59B196ED85}"
EndProject
Global
	GlobalSection(SolutionConfigurationPlatforms) = preSolution
		Debug|Any CPU = Debug|Any CPU
		Release|Any CPU = Release|Any CPU
	EndGlobalSection
	GlobalSection(ProjectConfigurationPlatforms) = postSolution
		{C4EBB15A-4764-493C-8837-AC59B196ED85}.Debug|Any CPU.ActiveCfg = Debug|Any CPU
		{C4EBB15A-4764-493C-8837-AC59B196ED85}.Debug|Any CPU.Build.0 = Debug|Any CPU
		{C4EBB15A-4764-493C-8837-AC59B196ED85}.Release|Any CPU.ActiveCfg = Release|Any CPU
		{C4EBB15A-4764-493C-8837-AC59B196ED85}.Release|Any CPU.Build.0 = Release|Any CPU
	EndGlobalSection
	GlobalSection(SolutionProperties) = preSolution
		HideSolutionNode = FALSE
	EndGlobalSection
	GlobalSection(ExtensibilityGlobals) = postSolution
		SolutionGuid = {F840BECB-5D79-4CEE-B1F3-DA8217E51A21}
	EndGlobalSection
EndGlobal
